lockfileVersion: '9.0'

settings:
  autoInstallPeers: true
  excludeLinksFromLockfile: false

importers:

  .:
    dependencies:
      date-fns:
        specifier: ^4.1.0
        version: 4.1.0
      highlight.js:
        specifier: ^11.11.1
        version: 11.11.1
      hjs:
        specifier: ^0.0.6
        version: 0.0.6
      marked:
        specifier: ^16.4.1
        version: 16.4.1

packages:

  abbrev@1.1.1:
    resolution: {integrity: sha512-nne9/IiQ/hzIhY6pdDnbBtz7DjPTKrY00P/zvPSm5pOFkl6xuGrGnXn/VtTNNfNtAfZ9/1RtehkszU9qcTii0Q==}

  date-fns@4.1.0:
    resolution: {integrity: sha512-Ukq0owbQXxa/U3EGtsdVBkR1w7KOQ5gIBqdH2hkvknzZPYvBxb/aa6E8L7tmjFtkwZBu3UXBbjIgPo/Ez4xaNg==}

  highlight.js@11.11.1:
    resolution: {integrity: sha512-Xwwo44whKBVCYoliBQwaPvtd/2tYFkRQtXDWj1nackaV2JPXx3L0+Jvd8/qCJ2p+ML0/XVkJ2q+Mr+UVdpJK5w==}
    engines: {node: '>=12.0.0'}

  hjs@0.0.6:
    resolution: {integrity: sha512-8Oq03kArlxOznCQFKpgDybpQLJC7+xFMZoxasYh4MD7bdhSTPPOWcDjlGzkrUm9B6lYe3l36j+/8jkNj7PVuTQ==}

  hogan.js@3.0.2:
    resolution: {integrity: sha512-RqGs4wavGYJWE07t35JQccByczmNUXQT0E12ZYV1VKYu5UiAU9lsos/yBAcf840+zrUQQxgVduCR5/B8nNtibg==}
    hasBin: true

  marked@16.4.1:
    resolution: {integrity: sha512-ntROs7RaN3EvWfy3EZi14H4YxmT6A5YvywfhO+0pm+cH/dnSQRmdAmoFIc3B9aiwTehyk7pESH4ofyBY+V5hZg==}
    engines: {node: '>= 20'}
    hasBin: true

  mkdirp@0.3.0:
    resolution: {integrity: sha512-OHsdUcVAQ6pOtg5JYWpCBo9W/GySVuwvP9hueRMW7UqshC0tbfzLv8wjySTPm3tfUZ/21CE9E1pJagOA91Pxew==}
    deprecated: Legacy versions of mkdirp are no longer supported. Please update to mkdirp 1.x. (Note that the API surface has changed to use Promises in 1.x.)

  nopt@1.0.10:
    resolution: {integrity: sha512-NWmpvLSqUrgrAC9HCuxEvb+PSloHpqVu+FqcO4eeF2h5qYRhA7ev6KvelyQAKtegUbC6RypJnlEOhd8vloNKYg==}
    hasBin: true

snapshots:

  abbrev@1.1.1: {}

  date-fns@4.1.0: {}

  highlight.js@11.11.1: {}

  hjs@0.0.6:
    dependencies:
      hogan.js: 3.0.2

  hogan.js@3.0.2:
    dependencies:
      mkdirp: 0.3.0
      nopt: 1.0.10

  marked@16.4.1: {}

  mkdirp@0.3.0: {}

  nopt@1.0.10:
    dependencies:
      abbrev: 1.1.1
